
Microsoft Visual Studio Solution File, Format Version 12.00
# Visual Studio Version 16
VisualStudioVersion = 16.0.30002.166
MinimumVisualStudioVersion = 10.0.40219.1
Project("{FAE04EC0-301F-11D3-BF4B-00C04F79EFBC}") = "BE", "BE\BE.csproj", "{D0325860-DB08-4E40-AF04-8496C1677A3C}"
EndProject
Project("{FAE04EC0-301F-11D3-BF4B-00C04F79EFBC}") = "ADO", "ADO\ADO.csproj", "{14BB1B09-D4F4-4028-AB6F-56E4C902B264}"
EndProject
Project("{FAE04EC0-301F-11D3-BF4B-00C04F79EFBC}") = "BL", "BL\BL.csproj", "{F74A1A1F-F9D7-4D33-8B0D-91869DEF4DD3}"
EndProject
Project("{FAE04EC0-301F-11D3-BF4B-00C04F79EFBC}") = "GUI", "GUI\GUI.csproj", "{14B13D68-6211-425F-B73F-3FA8200107CA}"
EndProject
Project("{FAE04EC0-301F-11D3-BF4B-00C04F79EFBC}") = "WEB", "WEB\WEB.csproj", "{66C6B568-3E0E-48E0-A354-8C57642778EB}"
EndProject
Global
	GlobalSection(SolutionConfigurationPlatforms) = preSolution
		Debug|Any CPU = Debug|Any CPU
		Release|Any CPU = Release|Any CPU
	EndGlobalSection
	GlobalSection(ProjectConfigurationPlatforms) = postSolution
		{D0325860-DB08-4E40-AF04-8496C1677A3C}.Debug|Any CPU.ActiveCfg = Debug|Any CPU
		{D0325860-DB08-4E40-AF04-8496C1677A3C}.Debug|Any CPU.Build.0 = Debug|Any CPU
		{D0325860-DB08-4E40-AF04-8496C1677A3C}.Release|Any CPU.ActiveCfg = Release|Any CPU
		{D0325860-DB08-4E40-AF04-8496C1677A3C}.Release|Any CPU.Build.0 = Release|Any CPU
		{14BB1B09-D4F4-4028-AB6F-56E4C902B264}.Debug|Any CPU.ActiveCfg = Debug|Any CPU
		{14BB1B09-D4F4-4028-AB6F-56E4C902B264}.Debug|Any CPU.Build.0 = Debug|Any CPU
		{14BB1B09-D4F4-4028-AB6F-56E4C902B264}.Release|Any CPU.ActiveCfg = Release|Any CPU
		{14BB1B09-D4F4-4028-AB6F-56E4C902B264}.Release|Any CPU.Build.0 = Release|Any CPU
		{F74A1A1F-F9D7-4D33-8B0D-91869DEF4DD3}.Debug|Any CPU.ActiveCfg = Debug|Any CPU
		{F74A1A1F-F9D7-4D33-8B0D-91869DEF4DD3}.Debug|Any CPU.Build.0 = Debug|Any CPU
		{F74A1A1F-F9D7-4D33-8B0D-91869DEF4DD3}.Release|Any CPU.ActiveCfg = Release|Any CPU
		{F74A1A1F-F9D7-4D33-8B0D-91869DEF4DD3}.Release|Any CPU.Build.0 = Release|Any CPU
		{14B13D68-6211-425F-B73F-3FA8200107CA}.Debug|Any CPU.ActiveCfg = Debug|Any CPU
		{14B13D68-6211-425F-B73F-3FA8200107CA}.Debug|Any CPU.Build.0 = Debug|Any CPU
		{14B13D68-6211-425F-B73F-3FA8200107CA}.Release|Any CPU.ActiveCfg = Release|Any CPU
		{14B13D68-6211-425F-B73F-3FA8200107CA}.Release|Any CPU.Build.0 = Release|Any CPU
		{66C6B568-3E0E-48E0-A354-8C57642778EB}.Debug|Any CPU.ActiveCfg = Debug|Any CPU
		{66C6B568-3E0E-48E0-A354-8C57642778EB}.Debug|Any CPU.Build.0 = Debug|Any CPU
		{66C6B568-3E0E-48E0-A354-8C57642778EB}.Release|Any CPU.ActiveCfg = Release|Any CPU
		{66C6B568-3E0E-48E0-A354-8C57642778EB}.Release|Any CPU.Build.0 = Release|Any CPU
	EndGlobalSection
	GlobalSection(SolutionProperties) = preSolution
		HideSolutionNode = FALSE
	EndGlobalSection
	GlobalSection(ExtensibilityGlobals) = postSolution
		SolutionGuid = {F5C14C45-1980-4328-8B4F-32F7A86EEF3A}
	EndGlobalSection
EndGlobal
